// !$*UTF8*$!
{
	archiveVersion = 1;
	classes = {};
	objectVersion = 56;
	objects = {

/* Begin PBXBuildFile section */
		100000000000000000000001 /* TimeBoxerParentApp.swift in Sources */ = {isa = PBXBuildFile; fileRef = 200000000000000000000001 /* TimeBoxerParentApp.swift */; };
		100000000000000000000002 /* FamilyModels.swift in Sources */ = {isa = PBXBuildFile; fileRef = 200000000000000000000002 /* FamilyModels.swift */; };
		100000000000000000000003 /* ParentAppModel.swift in Sources */ = {isa = PBXBuildFile; fileRef = 200000000000000000000003 /* ParentAppModel.swift */; };
		100000000000000000000004 /* BrandViews.swift in Sources */ = {isa = PBXBuildFile; fileRef = 200000000000000000000004 /* BrandViews.swift */; };
		100000000000000000000005 /* ParentDashboardView.swift in Sources */ = {isa = PBXBuildFile; fileRef = 200000000000000000000005 /* ParentDashboardView.swift */; };
		100000000000000000000006 /* PairChildMacView.swift in Sources */ = {isa = PBXBuildFile; fileRef = 200000000000000000000006 /* PairChildMacView.swift */; };
		100000000000000000000007 /* SupabaseEnvironment.swift in Sources */ = {isa = PBXBuildFile; fileRef = 200000000000000000000007 /* SupabaseEnvironment.swift */; };
		100000000000000000000008 /* AuthenticationModel.swift in Sources */ = {isa = PBXBuildFile; fileRef = 200000000000000000000008 /* AuthenticationModel.swift */; };
		100000000000000000000009 /* ParentAuthView.swift in Sources */ = {isa = PBXBuildFile; fileRef = 200000000000000000000009 /* ParentAuthView.swift */; };
		10000000000000000000000A /* Supabase in Frameworks */ = {isa = PBXBuildFile; productRef = B00000000000000000000001 /* Supabase */; };
		10000000000000000000000B /* Assets.xcassets in Resources */ = {isa = PBXBuildFile; fileRef = 20000000000000000000000B /* Assets.xcassets */; };
/* End PBXBuildFile section */

/* Begin PBXFileReference section */
		200000000000000000000001 /* TimeBoxerParentApp.swift */ = {isa = PBXFileReference; lastKnownFileType = sourcecode.swift; path = TimeBoxerParentApp.swift; sourceTree = "<group>"; };
		200000000000000000000002 /* FamilyModels.swift */ = {isa = PBXFileReference; lastKnownFileType = sourcecode.swift; path = FamilyModels.swift; sourceTree = "<group>"; };
		200000000000000000000003 /* ParentAppModel.swift */ = {isa = PBXFileReference; lastKnownFileType = sourcecode.swift; path = ParentAppModel.swift; sourceTree = "<group>"; };
		200000000000000000000004 /* BrandViews.swift */ = {isa = PBXFileReference; lastKnownFileType = sourcecode.swift; path = BrandViews.swift; sourceTree = "<group>"; };
		200000000000000000000005 /* ParentDashboardView.swift */ = {isa = PBXFileReference; lastKnownFileType = sourcecode.swift; path = ParentDashboardView.swift; sourceTree = "<group>"; };
		200000000000000000000006 /* PairChildMacView.swift */ = {isa = PBXFileReference; lastKnownFileType = sourcecode.swift; path = PairChildMacView.swift; sourceTree = "<group>"; };
		200000000000000000000007 /* SupabaseEnvironment.swift */ = {isa = PBXFileReference; lastKnownFileType = sourcecode.swift; path = SupabaseEnvironment.swift; sourceTree = "<group>"; };
		200000000000000000000008 /* AuthenticationModel.swift */ = {isa = PBXFileReference; lastKnownFileType = sourcecode.swift; path = AuthenticationModel.swift; sourceTree = "<group>"; };
		200000000000000000000009 /* ParentAuthView.swift */ = {isa = PBXFileReference; lastKnownFileType = sourcecode.swift; path = ParentAuthView.swift; sourceTree = "<group>"; };
		20000000000000000000000A /* Info.plist */ = {isa = PBXFileReference; lastKnownFileType = text.plist.xml; path = Info.plist; sourceTree = "<group>"; };
		20000000000000000000000B /* Assets.xcassets */ = {isa = PBXFileReference; lastKnownFileType = folder.assetcatalog; path = Assets.xcassets; sourceTree = "<group>"; };
		200000000000000000000010 /* TimeBoxerParent.app */ = {isa = PBXFileReference; explicitFileType = wrapper.application; includeInIndex = 0; path = TimeBoxerParent.app; sourceTree = BUILT_PRODUCTS_DIR; };
/* End PBXFileReference section */

/* Begin PBXFrameworksBuildPhase section */
		300000000000000000000001 /* Frameworks */ = {
			isa = PBXFrameworksBuildPhase;
			buildActionMask = 2147483647;
			files = (
				10000000000000000000000A /* Supabase in Frameworks */,
			);
			runOnlyForDeploymentPostprocessing = 0;
		};
/* End PBXFrameworksBuildPhase section */

/* Begin PBXGroup section */
		400000000000000000000001 = {
			isa = PBXGroup;
			children = (
				400000000000000000000002 /* App */,
				400000000000000000000003 /* Products */,
			);
			sourceTree = "<group>";
		};
		400000000000000000000002 /* App */ = {
			isa = PBXGroup;
			children = (
				200000000000000000000001 /* TimeBoxerParentApp.swift */,
				200000000000000000000002 /* FamilyModels.swift */,
				200000000000000000000003 /* ParentAppModel.swift */,
				200000000000000000000004 /* BrandViews.swift */,
				200000000000000000000005 /* ParentDashboardView.swift */,
				200000000000000000000006 /* PairChildMacView.swift */,
				200000000000000000000007 /* SupabaseEnvironment.swift */,
				200000000000000000000008 /* AuthenticationModel.swift */,
				200000000000000000000009 /* ParentAuthView.swift */,
				20000000000000000000000A /* Info.plist */,
				20000000000000000000000B /* Assets.xcassets */,
			);
			path = App;
			sourceTree = "<group>";
		};
		400000000000000000000003 /* Products */ = {
			isa = PBXGroup;
			children = (200000000000000000000010 /* TimeBoxerParent.app */);
			name = Products;
			sourceTree = "<group>";
		};
/* End PBXGroup section */

/* Begin PBXNativeTarget section */
		500000000000000000000001 /* TimeBoxerParent */ = {
			isa = PBXNativeTarget;
			buildConfigurationList = 900000000000000000000002 /* Build configuration list for PBXNativeTarget "TimeBoxerParent" */;
			buildPhases = (
				600000000000000000000001 /* Sources */,
				300000000000000000000001 /* Frameworks */,
				600000000000000000000002 /* Resources */,
			);
			buildRules = ();
			dependencies = ();
			name = TimeBoxerParent;
			packageProductDependencies = (
				B00000000000000000000001 /* Supabase */,
			);
			productName = TimeBoxerParent;
			productReference = 200000000000000000000010 /* TimeBoxerParent.app */;
			productType = "com.apple.product-type.application";
		};
/* End PBXNativeTarget section */

/* Begin PBXProject section */
		700000000000000000000001 /* Project object */ = {
			isa = PBXProject;
			attributes = {
				BuildIndependentTargetsInParallel = 1;
				LastSwiftUpdateCheck = 1640;
				LastUpgradeCheck = 1640;
				TargetAttributes = {
					500000000000000000000001 = {CreatedOnToolsVersion = 16.4;};
				};
			};
			buildConfigurationList = 900000000000000000000001 /* Build configuration list for PBXProject "TimeBoxerParent" */;
			compatibilityVersion = "Xcode 14.0";
			developmentRegion = en;
			hasScannedForEncodings = 0;
			knownRegions = (en, Base);
			mainGroup = 400000000000000000000001;
			packageReferences = (
				A00000000000000000000001 /* XCRemoteSwiftPackageReference "supabase-swift" */,
			);
			productRefGroup = 400000000000000000000003 /* Products */;
			projectDirPath = "";
			projectRoot = "";
			targets = (500000000000000000000001 /* TimeBoxerParent */);
		};
/* End PBXProject section */

/* Begin PBXResourcesBuildPhase section */
		600000000000000000000002 /* Resources */ = {
			isa = PBXResourcesBuildPhase;
			buildActionMask = 2147483647;
			files = (
				10000000000000000000000B /* Assets.xcassets in Resources */,
			);
			runOnlyForDeploymentPostprocessing = 0;
		};
/* End PBXResourcesBuildPhase section */

/* Begin PBXSourcesBuildPhase section */
		600000000000000000000001 /* Sources */ = {
			isa = PBXSourcesBuildPhase;
			buildActionMask = 2147483647;
			files = (
				100000000000000000000001 /* TimeBoxerParentApp.swift in Sources */,
				100000000000000000000002 /* FamilyModels.swift in Sources */,
				100000000000000000000003 /* ParentAppModel.swift in Sources */,
				100000000000000000000004 /* BrandViews.swift in Sources */,
				100000000000000000000005 /* ParentDashboardView.swift in Sources */,
				100000000000000000000006 /* PairChildMacView.swift in Sources */,
				100000000000000000000007 /* SupabaseEnvironment.swift in Sources */,
				100000000000000000000008 /* AuthenticationModel.swift in Sources */,
				100000000000000000000009 /* ParentAuthView.swift in Sources */,
			);
			runOnlyForDeploymentPostprocessing = 0;
		};
/* End PBXSourcesBuildPhase section */

/* Begin XCBuildConfiguration section */
		800000000000000000000001 /* Debug */ = {isa = XCBuildConfiguration; buildSettings = {CLANG_ENABLE_MODULES = YES; SWIFT_OPTIMIZATION_LEVEL = "-Onone"; SWIFT_VERSION = 5.0;}; name = Debug; };
		800000000000000000000002 /* Release */ = {isa = XCBuildConfiguration; buildSettings = {CLANG_ENABLE_MODULES = YES; SWIFT_COMPILATION_MODE = wholemodule; SWIFT_OPTIMIZATION_LEVEL = "-O"; SWIFT_VERSION = 5.0;}; name = Release; };
		800000000000000000000003 /* Debug */ = {
			isa = XCBuildConfiguration;
			buildSettings = {
				ASSETCATALOG_COMPILER_APPICON_NAME = AppIcon;
				CODE_SIGN_STYLE = Automatic;
				CURRENT_PROJECT_VERSION = 1;
				DEVELOPMENT_ASSET_PATHS = "";
				GENERATE_INFOPLIST_FILE = NO;
				INFOPLIST_FILE = App/Info.plist;
				INFOPLIST_KEY_CFBundleDisplayName = "TimeBoxer Parent";
				INFOPLIST_KEY_TIMEBOXER_SUPABASE_PUBLISHABLE_KEY = "$(TIMEBOXER_SUPABASE_PUBLISHABLE_KEY)";
				INFOPLIST_KEY_TIMEBOXER_SUPABASE_URL = "$(TIMEBOXER_SUPABASE_URL)";
				INFOPLIST_KEY_LSApplicationCategoryType = "public.app-category.lifestyle";
				INFOPLIST_KEY_UIApplicationSceneManifest_Generation = YES;
				INFOPLIST_KEY_UIApplicationSupportsIndirectInputEvents = YES;
				INFOPLIST_KEY_UILaunchScreen_Generation = YES;
				IPHONEOS_DEPLOYMENT_TARGET = 17.0;
				MARKETING_VERSION = 0.1.0;
				PRODUCT_BUNDLE_IDENTIFIER = nz.co.timeboxer.parent;
				PRODUCT_NAME = "$(TARGET_NAME)";
				SUPPORTED_PLATFORMS = "iphoneos iphonesimulator";
				SWIFT_EMIT_LOC_STRINGS = YES;
				TARGETED_DEVICE_FAMILY = 1;
				TIMEBOXER_SUPABASE_PUBLISHABLE_KEY = "sb_publishable_NV9ay5NPWlQ0KQhLbLdtog_BmuwJf6I";
				TIMEBOXER_SUPABASE_URL = "https://jysdafvxexnyfplehqga.supabase.co";
			};
			name = Debug;
		};
		800000000000000000000004 /* Release */ = {
			isa = XCBuildConfiguration;
			buildSettings = {
				ASSETCATALOG_COMPILER_APPICON_NAME = AppIcon;
				CODE_SIGN_STYLE = Automatic;
				CURRENT_PROJECT_VERSION = 1;
				GENERATE_INFOPLIST_FILE = NO;
				INFOPLIST_FILE = App/Info.plist;
				INFOPLIST_KEY_CFBundleDisplayName = "TimeBoxer Parent";
				INFOPLIST_KEY_TIMEBOXER_SUPABASE_PUBLISHABLE_KEY = "$(TIMEBOXER_SUPABASE_PUBLISHABLE_KEY)";
				INFOPLIST_KEY_TIMEBOXER_SUPABASE_URL = "$(TIMEBOXER_SUPABASE_URL)";
				INFOPLIST_KEY_LSApplicationCategoryType = "public.app-category.lifestyle";
				INFOPLIST_KEY_UIApplicationSceneManifest_Generation = YES;
				INFOPLIST_KEY_UIApplicationSupportsIndirectInputEvents = YES;
				INFOPLIST_KEY_UILaunchScreen_Generation = YES;
				IPHONEOS_DEPLOYMENT_TARGET = 17.0;
				MARKETING_VERSION = 0.1.0;
				PRODUCT_BUNDLE_IDENTIFIER = nz.co.timeboxer.parent;
				PRODUCT_NAME = "$(TARGET_NAME)";
				SUPPORTED_PLATFORMS = "iphoneos iphonesimulator";
				SWIFT_EMIT_LOC_STRINGS = YES;
				TARGETED_DEVICE_FAMILY = 1;
				TIMEBOXER_SUPABASE_PUBLISHABLE_KEY = "sb_publishable_NV9ay5NPWlQ0KQhLbLdtog_BmuwJf6I";
				TIMEBOXER_SUPABASE_URL = "https://jysdafvxexnyfplehqga.supabase.co";
			};
			name = Release;
		};
/* End XCBuildConfiguration section */

/* Begin XCConfigurationList section */
		900000000000000000000001 /* Build configuration list for PBXProject "TimeBoxerParent" */ = {
			isa = XCConfigurationList;
			buildConfigurations = (800000000000000000000001 /* Debug */, 800000000000000000000002 /* Release */);
			defaultConfigurationIsVisible = 0;
			defaultConfigurationName = Release;
		};
		900000000000000000000002 /* Build configuration list for PBXNativeTarget "TimeBoxerParent" */ = {
			isa = XCConfigurationList;
			buildConfigurations = (800000000000000000000003 /* Debug */, 800000000000000000000004 /* Release */);
			defaultConfigurationIsVisible = 0;
			defaultConfigurationName = Release;
		};
/* End XCConfigurationList section */

/* Begin XCRemoteSwiftPackageReference section */
		A00000000000000000000001 /* XCRemoteSwiftPackageReference "supabase-swift" */ = {
			isa = XCRemoteSwiftPackageReference;
			repositoryURL = "https://github.com/supabase/supabase-swift.git";
			requirement = {
				kind = exactVersion;
				version = 2.54.1;
			};
		};
/* End XCRemoteSwiftPackageReference section */

/* Begin XCSwiftPackageProductDependency section */
		B00000000000000000000001 /* Supabase */ = {
			isa = XCSwiftPackageProductDependency;
			package = A00000000000000000000001 /* XCRemoteSwiftPackageReference "supabase-swift" */;
			productName = Supabase;
		};
/* End XCSwiftPackageProductDependency section */
	};
	rootObject = 700000000000000000000001 /* Project object */;
}
